// !$*UTF8*$!
{
	archiveVersion = 1;
	classes = {
	};
	objectVersion = 56;
	objects = {

/* Begin PBXBuildFile section */
		CE8F54942D48115C008C5B6E /* Roboto-VariableFont_wdth,wght.ttf in Resources */ = {isa = PBXBuildFile; fileRef = CE8F54932D48115C008C5B6E /* Roboto-VariableFont_wdth,wght.ttf */; };
		CE8F54972D481591008C5B6E /* Font + Extension.swift in Sources */ = {isa = PBXBuildFile; fileRef = CE8F54962D481591008C5B6E /* Font + Extension.swift */; };
		CE8F549D2D481718008C5B6E /* Color + Extension.swift in Sources */ = {isa = PBXBuildFile; fileRef = CE8F549C2D481718008C5B6E /* Color + Extension.swift */; };
		CEF400052D401A7B009B6005 /* AppDelegate.swift in Sources */ = {isa = PBXBuildFile; fileRef = CEF400042D401A7B009B6005 /* AppDelegate.swift */; };
		CEF400072D401A7B009B6005 /* SceneDelegate.swift in Sources */ = {isa = PBXBuildFile; fileRef = CEF400062D401A7B009B6005 /* SceneDelegate.swift */; };
		CEF400092D401A7B009B6005 /* MainViewController.swift in Sources */ = {isa = PBXBuildFile; fileRef = CEF400082D401A7B009B6005 /* MainViewController.swift */; };
		CEF4000E2D401A7D009B6005 /* Assets.xcassets in Resources */ = {isa = PBXBuildFile; fileRef = CEF4000D2D401A7D009B6005 /* Assets.xcassets */; };
		CEF400112D401A7D009B6005 /* LaunchScreen.storyboard in Resources */ = {isa = PBXBuildFile; fileRef = CEF4000F2D401A7D009B6005 /* LaunchScreen.storyboard */; };
/* End PBXBuildFile section */

/* Begin PBXFileReference section */
		CE8F54932D48115C008C5B6E /* Roboto-VariableFont_wdth,wght.ttf */ = {isa = PBXFileReference; lastKnownFileType = file; path = "Roboto-VariableFont_wdth,wght.ttf"; sourceTree = "<group>"; };
		CE8F54962D481591008C5B6E /* Font + Extension.swift */ = {isa = PBXFileReference; lastKnownFileType = sourcecode.swift; path = "Font + Extension.swift"; sourceTree = "<group>"; };
		CE8F549C2D481718008C5B6E /* Color + Extension.swift */ = {isa = PBXFileReference; lastKnownFileType = sourcecode.swift; path = "Color + Extension.swift"; sourceTree = "<group>"; };
		CEF400012D401A7B009B6005 /* BodyTracker.app */ = {isa = PBXFileReference; explicitFileType = wrapper.application; includeInIndex = 0; path = BodyTracker.app; sourceTree = BUILT_PRODUCTS_DIR; };
		CEF400042D401A7B009B6005 /* AppDelegate.swift */ = {isa = PBXFileReference; lastKnownFileType = sourcecode.swift; path = AppDelegate.swift; sourceTree = "<group>"; };
		CEF400062D401A7B009B6005 /* SceneDelegate.swift */ = {isa = PBXFileReference; lastKnownFileType = sourcecode.swift; path = SceneDelegate.swift; sourceTree = "<group>"; };
		CEF400082D401A7B009B6005 /* MainViewController.swift */ = {isa = PBXFileReference; lastKnownFileType = sourcecode.swift; path = MainViewController.swift; sourceTree = "<group>"; };
		CEF4000D2D401A7D009B6005 /* Assets.xcassets */ = {isa = PBXFileReference; lastKnownFileType = folder.assetcatalog; path = Assets.xcassets; sourceTree = "<group>"; };
		CEF400102D401A7D009B6005 /* Base */ = {isa = PBXFileReference; lastKnownFileType = file.storyboard; name = Base; path = Base.lproj/LaunchScreen.storyboard; sourceTree = "<group>"; };
		CEF400122D401A7D009B6005 /* Info.plist */ = {isa = PBXFileReference; lastKnownFileType = text.plist.xml; path = Info.plist; sourceTree = "<group>"; };
/* End PBXFileReference section */

/* Begin PBXFrameworksBuildPhase section */
		CEF4FFFE2D401A7B009B6005 /* Frameworks */ = {
			isa = PBXFrameworksBuildPhase;
			buildActionMask = 2147483647;
			files = (
			);
			runOnlyForDeploymentPostprocessing = 0;
		};
/* End PBXFrameworksBuildPhase section */

/* Begin PBXGroup section */
		CE8F54952D48116E008C5B6E /* Font */ = {
			isa = PBXGroup;
			children = (
				CE8F54932D48115C008C5B6E /* Roboto-VariableFont_wdth,wght.ttf */,
			);
			path = Font;
			sourceTree = "<group>";
		};
		CE8F54982D4815B7008C5B6E /* Helpers */ = {
			isa = PBXGroup;
			children = (
				CE8F54962D481591008C5B6E /* Font + Extension.swift */,
				CE8F549C2D481718008C5B6E /* Color + Extension.swift */,
				CE8F54952D48116E008C5B6E /* Font */,
			);
			path = Helpers;
			sourceTree = "<group>";
		};
		CE8F54992D4815D7008C5B6E /* Resourses */ = {
			isa = PBXGroup;
			children = (
				CEF4000D2D401A7D009B6005 /* Assets.xcassets */,
				CEF4000F2D401A7D009B6005 /* LaunchScreen.storyboard */,
			);
			path = Resourses;
			sourceTree = "<group>";
		};
		CE8F549A2D4815E2008C5B6E /* Controllers */ = {
			isa = PBXGroup;
			children = (
				CEF400082D401A7B009B6005 /* MainViewController.swift */,
			);
			path = Controllers;
			sourceTree = "<group>";
		};
		CE8F549B2D4815EE008C5B6E /* Application */ = {
			isa = PBXGroup;
			children = (
				CEF400042D401A7B009B6005 /* AppDelegate.swift */,
				CEF400062D401A7B009B6005 /* SceneDelegate.swift */,
			);
			path = Application;
			sourceTree = "<group>";
		};
		CEF400022D401A7B009B6005 /* Products */ = {
			isa = PBXGroup;
			children = (
				CEF400012D401A7B009B6005 /* BodyTracker.app */,
			);
			name = Products;
			sourceTree = "<group>";
		};
		CEF400032D401A7B009B6005 /* BodyTracker */ = {
			isa = PBXGroup;
			children = (
				CE8F549B2D4815EE008C5B6E /* Application */,
				CE8F549A2D4815E2008C5B6E /* Controllers */,
				CE8F54992D4815D7008C5B6E /* Resourses */,
				CEF400122D401A7D009B6005 /* Info.plist */,
				CE8F54982D4815B7008C5B6E /* Helpers */,
			);
			path = BodyTracker;
			sourceTree = "<group>";
		};
		CEF4FFF82D401A7B009B6005 = {
			isa = PBXGroup;
			children = (
				CEF400032D401A7B009B6005 /* BodyTracker */,
				CEF400022D401A7B009B6005 /* Products */,
			);
			sourceTree = "<group>";
		};
/* End PBXGroup section */

/* Begin PBXNativeTarget section */
		CEF400002D401A7B009B6005 /* BodyTracker */ = {
			isa = PBXNativeTarget;
			buildConfigurationList = CEF400152D401A7D009B6005 /* Build configuration list for PBXNativeTarget "BodyTracker" */;
			buildPhases = (
				CEF4FFFD2D401A7B009B6005 /* Sources */,
				CEF4FFFE2D401A7B009B6005 /* Frameworks */,
				CEF4FFFF2D401A7B009B6005 /* Resources */,
			);
			buildRules = (
			);
			dependencies = (
			);
			name = BodyTracker;
			productName = BodyTracker;
			productReference = CEF400012D401A7B009B6005 /* BodyTracker.app */;
			productType = "com.apple.product-type.application";
		};
/* End PBXNativeTarget section */

/* Begin PBXProject section */
		CEF4FFF92D401A7B009B6005 /* Project object */ = {
			isa = PBXProject;
			attributes = {
				BuildIndependentTargetsInParallel = 1;
				LastSwiftUpdateCheck = 1420;
				LastUpgradeCheck = 1420;
				TargetAttributes = {
					CEF400002D401A7B009B6005 = {
						CreatedOnToolsVersion = 14.2;
					};
				};
			};
			buildConfigurationList = CEF4FFFC2D401A7B009B6005 /* Build configuration list for PBXProject "BodyTracker" */;
			compatibilityVersion = "Xcode 14.0";
			developmentRegion = en;
			hasScannedForEncodings = 0;
			knownRegions = (
				en,
				Base,
			);
			mainGroup = CEF4FFF82D401A7B009B6005;
			productRefGroup = CEF400022D401A7B009B6005 /* Products */;
			projectDirPath = "";
			projectRoot = "";
			targets = (
				CEF400002D401A7B009B6005 /* BodyTracker */,
			);
		};
/* End PBXProject section */

/* Begin PBXResourcesBuildPhase section */
		CEF4FFFF2D401A7B009B6005 /* Resources */ = {
			isa = PBXResourcesBuildPhase;
			buildActionMask = 2147483647;
			files = (
				CEF400112D401A7D009B6005 /* LaunchScreen.storyboard in Resources */,
				CEF4000E2D401A7D009B6005 /* Assets.xcassets in Resources */,
				CE8F54942D48115C008C5B6E /* Roboto-VariableFont_wdth,wght.ttf in Resources */,
			);
			runOnlyForDeploymentPostprocessing = 0;
		};
/* End PBXResourcesBuildPhase section */

/* Begin PBXSourcesBuildPhase section */
		CEF4FFFD2D401A7B009B6005 /* Sources */ = {
			isa = PBXSourcesBuildPhase;
			buildActionMask = 2147483647;
			files = (
				CE8F54972D481591008C5B6E /* Font + Extension.swift in Sources */,
				CEF400092D401A7B009B6005 /* MainViewController.swift in Sources */,
				CEF400052D401A7B009B6005 /* AppDelegate.swift in Sources */,
				CEF400072D401A7B009B6005 /* SceneDelegate.swift in Sources */,
				CE8F549D2D481718008C5B6E /* Color + Extension.swift in Sources */,
			);
			runOnlyForDeploymentPostprocessing = 0;
		};
/* End PBXSourcesBuildPhase section */

/* Begin PBXVariantGroup section */
		CEF4000F2D401A7D009B6005 /* LaunchScreen.storyboard */ = {
			isa = PBXVariantGroup;
			children = (
				CEF400102D401A7D009B6005 /* Base */,
			);
			name = LaunchScreen.storyboard;
			sourceTree = "<group>";
		};
/* End PBXVariantGroup section */

/* Begin XCBuildConfiguration section */
		CEF400132D401A7D009B6005 /* Debug */ = {
			isa = XCBuildConfiguration;
			buildSettings = {
				ALWAYS_SEARCH_USER_PATHS = NO;
				CLANG_ANALYZER_NONNULL = YES;
				CLANG_ANALYZER_NUMBER_OBJECT_CONVERSION = YES_AGGRESSIVE;
				CLANG_CXX_LANGUAGE_STANDARD = "gnu++20";
				CLANG_ENABLE_MODULES = YES;
				CLANG_ENABLE_OBJC_ARC = YES;
				CLANG_ENABLE_OBJC_WEAK = YES;
				CLANG_WARN_BLOCK_CAPTURE_AUTORELEASING = YES;
				CLANG_WARN_BOOL_CONVERSION = YES;
				CLANG_WARN_COMMA = YES;
				CLANG_WARN_CONSTANT_CONVERSION = YES;
				CLANG_WARN_DEPRECATED_OBJC_IMPLEMENTATIONS = YES;
				CLANG_WARN_DIRECT_OBJC_ISA_USAGE = YES_ERROR;
				CLANG_WARN_DOCUMENTATION_COMMENTS = YES;
				CLANG_WARN_EMPTY_BODY = YES;
				CLANG_WARN_ENUM_CONVERSION = YES;
				CLANG_WARN_INFINITE_RECURSION = YES;
				CLANG_WARN_INT_CONVERSION = YES;
				CLANG_WARN_NON_LITERAL_NULL_CONVERSION = YES;
				CLANG_WARN_OBJC_IMPLICIT_RETAIN_SELF = YES;
				CLANG_WARN_OBJC_LITERAL_CONVERSION = YES;
				CLANG_WARN_OBJC_ROOT_CLASS = YES_ERROR;
				CLANG_WARN_QUOTED_INCLUDE_IN_FRAMEWORK_HEADER = YES;
				CLANG_WARN_RANGE_LOOP_ANALYSIS = YES;
				CLANG_WARN_STRICT_PROTOTYPES = YES;
				CLANG_WARN_SUSPICIOUS_MOVE = YES;
				CLANG_WARN_UNGUARDED_AVAILABILITY = YES_AGGRESSIVE;
				CLANG_WARN_UNREACHABLE_CODE = YES;
				CLANG_WARN__DUPLICATE_METHOD_MATCH = YES;
				COPY_PHASE_STRIP = NO;
				DEBUG_INFORMATION_FORMAT = dwarf;
				ENABLE_STRICT_OBJC_MSGSEND = YES;
				ENABLE_TESTABILITY = YES;
				GCC_C_LANGUAGE_STANDARD = gnu11;
				GCC_DYNAMIC_NO_PIC = NO;
				GCC_NO_COMMON_BLOCKS = YES;
				GCC_OPTIMIZATION_LEVEL = 0;
				GCC_PREPROCESSOR_DEFINITIONS = (
					"DEBUG=1",
					"$(inherited)",
				);
				GCC_WARN_64_TO_32_BIT_CONVERSION = YES;
				GCC_WARN_ABOUT_RETURN_TYPE = YES_ERROR;
				GCC_WARN_UNDECLARED_SELECTOR = YES;
				GCC_WARN_UNINITIALIZED_AUTOS = YES_AGGRESSIVE;
				GCC_WARN_UNUSED_FUNCTION = YES;
				GCC_WARN_UNUSED_VARIABLE = YES;
				IPHONEOS_DEPLOYMENT_TARGET = 16.2;
				MTL_ENABLE_DEBUG_INFO = INCLUDE_SOURCE;
				MTL_FAST_MATH = YES;
				ONLY_ACTIVE_ARCH = YES;
				SDKROOT = iphoneos;
				SWIFT_ACTIVE_COMPILATION_CONDITIONS = DEBUG;
				SWIFT_OPTIMIZATION_LEVEL = "-Onone";
			};
			name = Debug;
		};
		CEF400142D401A7D009B6005 /* Release */ = {
			isa = XCBuildConfiguration;
			buildSettings = {
				ALWAYS_SEARCH_USER_PATHS = NO;
				CLANG_ANALYZER_NONNULL = YES;
				CLANG_ANALYZER_NUMBER_OBJECT_CONVERSION = YES_AGGRESSIVE;
				CLANG_CXX_LANGUAGE_STANDARD = "gnu++20";
				CLANG_ENABLE_MODULES = YES;
				CLANG_ENABLE_OBJC_ARC = YES;
				CLANG_ENABLE_OBJC_WEAK = YES;
				CLANG_WARN_BLOCK_CAPTURE_AUTORELEASING = YES;
				CLANG_WARN_BOOL_CONVERSION = YES;
				CLANG_WARN_COMMA = YES;
				CLANG_WARN_CONSTANT_CONVERSION = YES;
				CLANG_WARN_DEPRECATED_OBJC_IMPLEMENTATIONS = YES;
				CLANG_WARN_DIRECT_OBJC_ISA_USAGE = YES_ERROR;
				CLANG_WARN_DOCUMENTATION_COMMENTS = YES;
				CLANG_WARN_EMPTY_BODY = YES;
				CLANG_WARN_ENUM_CONVERSION = YES;
				CLANG_WARN_INFINITE_RECURSION = YES;
				CLANG_WARN_INT_CONVERSION = YES;
				CLANG_WARN_NON_LITERAL_NULL_CONVERSION = YES;
				CLANG_WARN_OBJC_IMPLICIT_RETAIN_SELF = YES;
				CLANG_WARN_OBJC_LITERAL_CONVERSION = YES;
				CLANG_WARN_OBJC_ROOT_CLASS = YES_ERROR;
				CLANG_WARN_QUOTED_INCLUDE_IN_FRAMEWORK_HEADER = YES;
				CLANG_WARN_RANGE_LOOP_ANALYSIS = YES;
				CLANG_WARN_STRICT_PROTOTYPES = YES;
				CLANG_WARN_SUSPICIOUS_MOVE = YES;
				CLANG_WARN_UNGUARDED_AVAILABILITY = YES_AGGRESSIVE;
				CLANG_WARN_UNREACHABLE_CODE = YES;
				CLANG_WARN__DUPLICATE_METHOD_MATCH = YES;
				COPY_PHASE_STRIP = NO;
				DEBUG_INFORMATION_FORMAT = "dwarf-with-dsym";
				ENABLE_NS_ASSERTIONS = NO;
				ENABLE_STRICT_OBJC_MSGSEND = YES;
				GCC_C_LANGUAGE_STANDARD = gnu11;
				GCC_NO_COMMON_BLOCKS = YES;
				GCC_WARN_64_TO_32_BIT_CONVERSION = YES;
				GCC_WARN_ABOUT_RETURN_TYPE = YES_ERROR;
				GCC_WARN_UNDECLARED_SELECTOR = YES;
				GCC_WARN_UNINITIALIZED_AUTOS = YES_AGGRESSIVE;
				GCC_WARN_UNUSED_FUNCTION = YES;
				GCC_WARN_UNUSED_VARIABLE = YES;
				IPHONEOS_DEPLOYMENT_TARGET = 16.2;
				MTL_ENABLE_DEBUG_INFO = NO;
				MTL_FAST_MATH = YES;
				SDKROOT = iphoneos;
				SWIFT_COMPILATION_MODE = wholemodule;
				SWIFT_OPTIMIZATION_LEVEL = "-O";
				VALIDATE_PRODUCT = YES;
			};
			name = Release;
		};
		CEF400162D401A7D009B6005 /* Debug */ = {
			isa = XCBuildConfiguration;
			buildSettings = {
				ASSETCATALOG_COMPILER_APPICON_NAME = AppIcon;
				ASSETCATALOG_COMPILER_GLOBAL_ACCENT_COLOR_NAME = AccentColor;
				CODE_SIGN_STYLE = Automatic;
				CURRENT_PROJECT_VERSION = 1;
				DEVELOPMENT_TEAM = 3B4857HXNH;
				GENERATE_INFOPLIST_FILE = YES;
				INFOPLIST_FILE = BodyTracker/Info.plist;
				INFOPLIST_KEY_UIApplicationSupportsIndirectInputEvents = YES;
				INFOPLIST_KEY_UILaunchStoryboardName = LaunchScreen;
				INFOPLIST_KEY_UIMainStoryboardFile = "";
				INFOPLIST_KEY_UISupportedInterfaceOrientations_iPad = "UIInterfaceOrientationPortrait UIInterfaceOrientationPortraitUpsideDown UIInterfaceOrientationLandscapeLeft UIInterfaceOrientationLandscapeRight";
				INFOPLIST_KEY_UISupportedInterfaceOrientations_iPhone = "UIInterfaceOrientationPortrait UIInterfaceOrientationLandscapeLeft UIInterfaceOrientationLandscapeRight";
				LD_RUNPATH_SEARCH_PATHS = (
					"$(inherited)",
					"@executable_path/Frameworks",
				);
				MARKETING_VERSION = 1.0;
				PRODUCT_BUNDLE_IDENTIFIER = com.BodyTracker;
				PRODUCT_NAME = "$(TARGET_NAME)";
				SWIFT_EMIT_LOC_STRINGS = YES;
				SWIFT_VERSION = 5.0;
				TARGETED_DEVICE_FAMILY = "1,2";
			};
			name = Debug;
		};
		CEF400172D401A7D009B6005 /* Release */ = {
			isa = XCBuildConfiguration;
			buildSettings = {
				ASSETCATALOG_COMPILER_APPICON_NAME = AppIcon;
				ASSETCATALOG_COMPILER_GLOBAL_ACCENT_COLOR_NAME = AccentColor;
				CODE_SIGN_STYLE = Automatic;
				CURRENT_PROJECT_VERSION = 1;
				DEVELOPMENT_TEAM = 3B4857HXNH;
				GENERATE_INFOPLIST_FILE = YES;
				INFOPLIST_FILE = BodyTracker/Info.plist;
				INFOPLIST_KEY_UIApplicationSupportsIndirectInputEvents = YES;
				INFOPLIST_KEY_UILaunchStoryboardName = LaunchScreen;
				INFOPLIST_KEY_UIMainStoryboardFile = "";
				INFOPLIST_KEY_UISupportedInterfaceOrientations_iPad = "UIInterfaceOrientationPortrait UIInterfaceOrientationPortraitUpsideDown UIInterfaceOrientationLandscapeLeft UIInterfaceOrientationLandscapeRight";
				INFOPLIST_KEY_UISupportedInterfaceOrientations_iPhone = "UIInterfaceOrientationPortrait UIInterfaceOrientationLandscapeLeft UIInterfaceOrientationLandscapeRight";
				LD_RUNPATH_SEARCH_PATHS = (
					"$(inherited)",
					"@executable_path/Frameworks",
				);
				MARKETING_VERSION = 1.0;
				PRODUCT_BUNDLE_IDENTIFIER = com.BodyTracker;
				PRODUCT_NAME = "$(TARGET_NAME)";
				SWIFT_EMIT_LOC_STRINGS = YES;
				SWIFT_VERSION = 5.0;
				TARGETED_DEVICE_FAMILY = "1,2";
			};
			name = Release;
		};
/* End XCBuildConfiguration section */

/* Begin XCConfigurationList section */
		CEF400152D401A7D009B6005 /* Build configuration list for PBXNativeTarget "BodyTracker" */ = {
			isa = XCConfigurationList;
			buildConfigurations = (
				CEF400162D401A7D009B6005 /* Debug */,
				CEF400172D401A7D009B6005 /* Release */,
			);
			defaultConfigurationIsVisible = 0;
			defaultConfigurationName = Release;
		};
		CEF4FFFC2D401A7B009B6005 /* Build configuration list for PBXProject "BodyTracker" */ = {
			isa = XCConfigurationList;
			buildConfigurations = (
				CEF400132D401A7D009B6005 /* Debug */,
				CEF400142D401A7D009B6005 /* Release */,
			);
			defaultConfigurationIsVisible = 0;
			defaultConfigurationName = Release;
		};
/* End XCConfigurationList section */
	};
	rootObject = CEF4FFF92D401A7B009B6005 /* Project object */;
}
