// !$*UTF8*$!
{
	archiveVersion = 1;
	classes = {
	};
	objectVersion = 56;
	objects = {

/* Begin PBXBuildFile section */
		1124F35F2DB95D3600E4E1DB /* CollectionImageWorkoutCell.swift in Sources */ = {isa = PBXBuildFile; fileRef = 1124F35E2DB95D3600E4E1DB /* CollectionImageWorkoutCell.swift */; };
		1124F3622DB9613900E4E1DB /* CollectionImageWorkoutModel.swift in Sources */ = {isa = PBXBuildFile; fileRef = 1124F3612DB9613900E4E1DB /* CollectionImageWorkoutModel.swift */; };
		113CB5562D9EF7720099F4AE /* WorkoutTableViewCell.swift in Sources */ = {isa = PBXBuildFile; fileRef = 113CB5552D9EF7720099F4AE /* WorkoutTableViewCell.swift */; };
		115D63002DA83A020064DFED /* WeatherModel.swift in Sources */ = {isa = PBXBuildFile; fileRef = 115D62FE2DA83A020064DFED /* WeatherModel.swift */; };
		115D63012DA83A020064DFED /* WeatherImage.swift in Sources */ = {isa = PBXBuildFile; fileRef = 115D62FD2DA83A020064DFED /* WeatherImage.swift */; };
		115D63022DA83A020064DFED /* WeatherNetwork.swift in Sources */ = {isa = PBXBuildFile; fileRef = 115D62FF2DA83A020064DFED /* WeatherNetwork.swift */; };
		115D63032DA83A020064DFED /* Api.swift in Sources */ = {isa = PBXBuildFile; fileRef = 115D62FC2DA83A020064DFED /* Api.swift */; };
		118161C42DB6CCD40050A722 /* CollectionImageWorkoutViewController.swift in Sources */ = {isa = PBXBuildFile; fileRef = 118161C32DB6CCD40050A722 /* CollectionImageWorkoutViewController.swift */; };
		CE1D8F2C2D7B718A00CFECD9 /* UIStackView + Extension.swift in Sources */ = {isa = PBXBuildFile; fileRef = CE1D8F2B2D7B718A00CFECD9 /* UIStackView + Extension.swift */; };
		CE2C3B302D5FC30500A4BA16 /* CalendarView.swift in Sources */ = {isa = PBXBuildFile; fileRef = CE2C3B2F2D5FC30500A4BA16 /* CalendarView.swift */; };
		CE2C3B322D5FC3EA00A4BA16 /* WeatherView.swift in Sources */ = {isa = PBXBuildFile; fileRef = CE2C3B312D5FC3EA00A4BA16 /* WeatherView.swift */; };
		CE3F6DBB2D74E4DF00ED4033 /* DateAndRepeatView.swift in Sources */ = {isa = PBXBuildFile; fileRef = CE3F6DBA2D74E4DF00ED4033 /* DateAndRepeatView.swift */; };
		CE4796292D5155BF00B11AFB /* MainTabBarController.swift in Sources */ = {isa = PBXBuildFile; fileRef = CE4796282D5155BF00B11AFB /* MainTabBarController.swift */; };
		CE47962B2D51598100B11AFB /* StatisticViewController.swift in Sources */ = {isa = PBXBuildFile; fileRef = CE47962A2D51598100B11AFB /* StatisticViewController.swift */; };
		CE47962D2D5159CA00B11AFB /* ProfilViewController.swift in Sources */ = {isa = PBXBuildFile; fileRef = CE47962C2D5159CA00B11AFB /* ProfilViewController.swift */; };
		CE49BB6A2D6F9F7F005BFBEB /* NewWorkoutViewController.swift in Sources */ = {isa = PBXBuildFile; fileRef = CE49BB692D6F9F7F005BFBEB /* NewWorkoutViewController.swift */; };
		CE49BB6C2D6FA0FB005BFBEB /* UILabel + Extension.swift in Sources */ = {isa = PBXBuildFile; fileRef = CE49BB6B2D6FA0FB005BFBEB /* UILabel + Extension.swift */; };
		CE89218E2D63AB9200BA1D10 /* UIView + Extension.swift in Sources */ = {isa = PBXBuildFile; fileRef = CE89218D2D63AB9200BA1D10 /* UIView + Extension.swift */; };
		CE8F54942D48115C008C5B6E /* Roboto-VariableFont_wdth,wght.ttf in Resources */ = {isa = PBXBuildFile; fileRef = CE8F54932D48115C008C5B6E /* Roboto-VariableFont_wdth,wght.ttf */; };
		CE8F54972D481591008C5B6E /* UIFont + Extension.swift in Sources */ = {isa = PBXBuildFile; fileRef = CE8F54962D481591008C5B6E /* UIFont + Extension.swift */; };
		CE8F549D2D481718008C5B6E /* UIColor + Extension.swift in Sources */ = {isa = PBXBuildFile; fileRef = CE8F549C2D481718008C5B6E /* UIColor + Extension.swift */; };
		CE95464C2D66449F001E5A8F /* Constants.swift in Sources */ = {isa = PBXBuildFile; fileRef = CE95464B2D66449F001E5A8F /* Constants.swift */; };
		CE9546502D6654A1001E5A8F /* CalendarCollectionViewCell.swift in Sources */ = {isa = PBXBuildFile; fileRef = CE95464F2D6654A1001E5A8F /* CalendarCollectionViewCell.swift */; };
		CE9546522D665EB9001E5A8F /* Date + Extension.swift in Sources */ = {isa = PBXBuildFile; fileRef = CE9546512D665EB9001E5A8F /* Date + Extension.swift */; };
		CE971B772D761D7A003C38D9 /* RepsOrTimerView.swift in Sources */ = {isa = PBXBuildFile; fileRef = CE971B762D761D7A003C38D9 /* RepsOrTimerView.swift */; };
		CEF400052D401A7B009B6005 /* AppDelegate.swift in Sources */ = {isa = PBXBuildFile; fileRef = CEF400042D401A7B009B6005 /* AppDelegate.swift */; };
		CEF400072D401A7B009B6005 /* SceneDelegate.swift in Sources */ = {isa = PBXBuildFile; fileRef = CEF400062D401A7B009B6005 /* SceneDelegate.swift */; };
		CEF400092D401A7B009B6005 /* MainViewController.swift in Sources */ = {isa = PBXBuildFile; fileRef = CEF400082D401A7B009B6005 /* MainViewController.swift */; };
		CEF4000E2D401A7D009B6005 /* Assets.xcassets in Resources */ = {isa = PBXBuildFile; fileRef = CEF4000D2D401A7D009B6005 /* Assets.xcassets */; };
		CEF400112D401A7D009B6005 /* LaunchScreen.storyboard in Resources */ = {isa = PBXBuildFile; fileRef = CEF4000F2D401A7D009B6005 /* LaunchScreen.storyboard */; };
/* End PBXBuildFile section */

/* Begin PBXFileReference section */
		1124F35E2DB95D3600E4E1DB /* CollectionImageWorkoutCell.swift */ = {isa = PBXFileReference; lastKnownFileType = sourcecode.swift; path = CollectionImageWorkoutCell.swift; sourceTree = "<group>"; };
		1124F3612DB9613900E4E1DB /* CollectionImageWorkoutModel.swift */ = {isa = PBXFileReference; lastKnownFileType = sourcecode.swift; path = CollectionImageWorkoutModel.swift; sourceTree = "<group>"; };
		113CB5552D9EF7720099F4AE /* WorkoutTableViewCell.swift */ = {isa = PBXFileReference; lastKnownFileType = sourcecode.swift; path = WorkoutTableViewCell.swift; sourceTree = "<group>"; };
		115D62FC2DA83A020064DFED /* Api.swift */ = {isa = PBXFileReference; lastKnownFileType = sourcecode.swift; path = Api.swift; sourceTree = "<group>"; };
		115D62FD2DA83A020064DFED /* WeatherImage.swift */ = {isa = PBXFileReference; lastKnownFileType = sourcecode.swift; path = WeatherImage.swift; sourceTree = "<group>"; };
		115D62FE2DA83A020064DFED /* WeatherModel.swift */ = {isa = PBXFileReference; lastKnownFileType = sourcecode.swift; path = WeatherModel.swift; sourceTree = "<group>"; };
		115D62FF2DA83A020064DFED /* WeatherNetwork.swift */ = {isa = PBXFileReference; lastKnownFileType = sourcecode.swift; path = WeatherNetwork.swift; sourceTree = "<group>"; };
		118161C32DB6CCD40050A722 /* CollectionImageWorkoutViewController.swift */ = {isa = PBXFileReference; lastKnownFileType = sourcecode.swift; path = CollectionImageWorkoutViewController.swift; sourceTree = "<group>"; };
		CE1D8F2B2D7B718A00CFECD9 /* UIStackView + Extension.swift */ = {isa = PBXFileReference; lastKnownFileType = sourcecode.swift; path = "UIStackView + Extension.swift"; sourceTree = "<group>"; };
		CE2C3B2F2D5FC30500A4BA16 /* CalendarView.swift */ = {isa = PBXFileReference; lastKnownFileType = sourcecode.swift; path = CalendarView.swift; sourceTree = "<group>"; };
		CE2C3B312D5FC3EA00A4BA16 /* WeatherView.swift */ = {isa = PBXFileReference; lastKnownFileType = sourcecode.swift; path = WeatherView.swift; sourceTree = "<group>"; };
		CE3F6DBA2D74E4DF00ED4033 /* DateAndRepeatView.swift */ = {isa = PBXFileReference; lastKnownFileType = sourcecode.swift; path = DateAndRepeatView.swift; sourceTree = "<group>"; };
		CE4796282D5155BF00B11AFB /* MainTabBarController.swift */ = {isa = PBXFileReference; lastKnownFileType = sourcecode.swift; path = MainTabBarController.swift; sourceTree = "<group>"; };
		CE47962A2D51598100B11AFB /* StatisticViewController.swift */ = {isa = PBXFileReference; lastKnownFileType = sourcecode.swift; path = StatisticViewController.swift; sourceTree = "<group>"; };
		CE47962C2D5159CA00B11AFB /* ProfilViewController.swift */ = {isa = PBXFileReference; lastKnownFileType = sourcecode.swift; path = ProfilViewController.swift; sourceTree = "<group>"; };
		CE49BB692D6F9F7F005BFBEB /* NewWorkoutViewController.swift */ = {isa = PBXFileReference; lastKnownFileType = sourcecode.swift; path = NewWorkoutViewController.swift; sourceTree = "<group>"; };
		CE49BB6B2D6FA0FB005BFBEB /* UILabel + Extension.swift */ = {isa = PBXFileReference; lastKnownFileType = sourcecode.swift; path = "UILabel + Extension.swift"; sourceTree = "<group>"; };
		CE89218D2D63AB9200BA1D10 /* UIView + Extension.swift */ = {isa = PBXFileReference; lastKnownFileType = sourcecode.swift; path = "UIView + Extension.swift"; sourceTree = "<group>"; };
		CE8F54932D48115C008C5B6E /* Roboto-VariableFont_wdth,wght.ttf */ = {isa = PBXFileReference; lastKnownFileType = file; path = "Roboto-VariableFont_wdth,wght.ttf"; sourceTree = "<group>"; };
		CE8F54962D481591008C5B6E /* UIFont + Extension.swift */ = {isa = PBXFileReference; lastKnownFileType = sourcecode.swift; path = "UIFont + Extension.swift"; sourceTree = "<group>"; };
		CE8F549C2D481718008C5B6E /* UIColor + Extension.swift */ = {isa = PBXFileReference; lastKnownFileType = sourcecode.swift; path = "UIColor + Extension.swift"; sourceTree = "<group>"; };
		CE95464B2D66449F001E5A8F /* Constants.swift */ = {isa = PBXFileReference; lastKnownFileType = sourcecode.swift; path = Constants.swift; sourceTree = "<group>"; };
		CE95464F2D6654A1001E5A8F /* CalendarCollectionViewCell.swift */ = {isa = PBXFileReference; lastKnownFileType = sourcecode.swift; path = CalendarCollectionViewCell.swift; sourceTree = "<group>"; };
		CE9546512D665EB9001E5A8F /* Date + Extension.swift */ = {isa = PBXFileReference; lastKnownFileType = sourcecode.swift; path = "Date + Extension.swift"; sourceTree = "<group>"; };
		CE971B762D761D7A003C38D9 /* RepsOrTimerView.swift */ = {isa = PBXFileReference; lastKnownFileType = sourcecode.swift; path = RepsOrTimerView.swift; sourceTree = "<group>"; };
		CEF400012D401A7B009B6005 /* BodyTracker.app */ = {isa = PBXFileReference; explicitFileType = wrapper.application; includeInIndex = 0; path = BodyTracker.app; sourceTree = BUILT_PRODUCTS_DIR; };
		CEF400042D401A7B009B6005 /* AppDelegate.swift */ = {isa = PBXFileReference; lastKnownFileType = sourcecode.swift; path = AppDelegate.swift; sourceTree = "<group>"; };
		CEF400062D401A7B009B6005 /* SceneDelegate.swift */ = {isa = PBXFileReference; lastKnownFileType = sourcecode.swift; path = SceneDelegate.swift; sourceTree = "<group>"; };
		CEF400082D401A7B009B6005 /* MainViewController.swift */ = {isa = PBXFileReference; lastKnownFileType = sourcecode.swift; path = MainViewController.swift; sourceTree = "<group>"; };
		CEF4000D2D401A7D009B6005 /* Assets.xcassets */ = {isa = PBXFileReference; lastKnownFileType = folder.assetcatalog; path = Assets.xcassets; sourceTree = "<group>"; };
		CEF400102D401A7D009B6005 /* Base */ = {isa = PBXFileReference; lastKnownFileType = file.storyboard; name = Base; path = Base.lproj/LaunchScreen.storyboard; sourceTree = "<group>"; };
		CEF400122D401A7D009B6005 /* Info.plist */ = {isa = PBXFileReference; lastKnownFileType = text.plist.xml; path = Info.plist; sourceTree = "<group>"; };
/* End PBXFileReference section */

/* Begin PBXFrameworksBuildPhase section */
		CEF4FFFE2D401A7B009B6005 /* Frameworks */ = {
			isa = PBXFrameworksBuildPhase;
			buildActionMask = 2147483647;
			files = (
			);
			runOnlyForDeploymentPostprocessing = 0;
		};
/* End PBXFrameworksBuildPhase section */

/* Begin PBXGroup section */
		1124F3602DB9610400E4E1DB /* Model */ = {
			isa = PBXGroup;
			children = (
				1124F3612DB9613900E4E1DB /* CollectionImageWorkoutModel.swift */,
			);
			path = Model;
			sourceTree = "<group>";
		};
		115D62F32DA838C30064DFED /* Network */ = {
			isa = PBXGroup;
			children = (
				115D62FC2DA83A020064DFED /* Api.swift */,
				115D62FD2DA83A020064DFED /* WeatherImage.swift */,
				115D62FE2DA83A020064DFED /* WeatherModel.swift */,
				115D62FF2DA83A020064DFED /* WeatherNetwork.swift */,
			);
			path = Network;
			sourceTree = "<group>";
		};
		CE2C3B2E2D5FC27800A4BA16 /* Views */ = {
			isa = PBXGroup;
			children = (
				CE2C3B2F2D5FC30500A4BA16 /* CalendarView.swift */,
				CE2C3B312D5FC3EA00A4BA16 /* WeatherView.swift */,
			);
			path = Views;
			sourceTree = "<group>";
		};
		CE3F6DB82D74E44C00ED4033 /* NewWorkoutVC */ = {
			isa = PBXGroup;
			children = (
				CE3F6DB92D74E4AB00ED4033 /* Views */,
			);
			path = NewWorkoutVC;
			sourceTree = "<group>";
		};
		CE3F6DB92D74E4AB00ED4033 /* Views */ = {
			isa = PBXGroup;
			children = (
				CE3F6DBA2D74E4DF00ED4033 /* DateAndRepeatView.swift */,
				CE971B762D761D7A003C38D9 /* RepsOrTimerView.swift */,
			);
			path = Views;
			sourceTree = "<group>";
		};
		CE49BB662D6F986D005BFBEB /* Views */ = {
			isa = PBXGroup;
			children = (
				CE95464E2D665416001E5A8F /* MainVC */,
				CE3F6DB82D74E44C00ED4033 /* NewWorkoutVC */,
			);
			path = Views;
			sourceTree = "<group>";
		};
		CE89218C2D63AA0000BA1D10 /* Extension */ = {
			isa = PBXGroup;
			children = (
				CE89218D2D63AB9200BA1D10 /* UIView + Extension.swift */,
				CE8F54962D481591008C5B6E /* UIFont + Extension.swift */,
				CE8F549C2D481718008C5B6E /* UIColor + Extension.swift */,
				CE9546512D665EB9001E5A8F /* Date + Extension.swift */,
				CE49BB6B2D6FA0FB005BFBEB /* UILabel + Extension.swift */,
				CE1D8F2B2D7B718A00CFECD9 /* UIStackView + Extension.swift */,
			);
			path = Extension;
			sourceTree = "<group>";
		};
		CE8F54952D48116E008C5B6E /* Font */ = {
			isa = PBXGroup;
			children = (
				CE8F54932D48115C008C5B6E /* Roboto-VariableFont_wdth,wght.ttf */,
			);
			path = Font;
			sourceTree = "<group>";
		};
		CE8F54982D4815B7008C5B6E /* Helpers */ = {
			isa = PBXGroup;
			children = (
				CE95464B2D66449F001E5A8F /* Constants.swift */,
			);
			path = Helpers;
			sourceTree = "<group>";
		};
		CE8F54992D4815D7008C5B6E /* Resources */ = {
			isa = PBXGroup;
			children = (
				CE8F54952D48116E008C5B6E /* Font */,
				CEF4000D2D401A7D009B6005 /* Assets.xcassets */,
				CEF4000F2D401A7D009B6005 /* LaunchScreen.storyboard */,
			);
			path = Resources;
			sourceTree = "<group>";
		};
		CE8F549A2D4815E2008C5B6E /* Controllers */ = {
			isa = PBXGroup;
			children = (
				CEF400082D401A7B009B6005 /* MainViewController.swift */,
				CE4796282D5155BF00B11AFB /* MainTabBarController.swift */,
				CE47962A2D51598100B11AFB /* StatisticViewController.swift */,
				CE47962C2D5159CA00B11AFB /* ProfilViewController.swift */,
				CE49BB692D6F9F7F005BFBEB /* NewWorkoutViewController.swift */,
				118161C32DB6CCD40050A722 /* CollectionImageWorkoutViewController.swift */,
			);
			path = Controllers;
			sourceTree = "<group>";
		};
		CE8F549B2D4815EE008C5B6E /* Application */ = {
			isa = PBXGroup;
			children = (
				CEF400042D401A7B009B6005 /* AppDelegate.swift */,
				CEF400062D401A7B009B6005 /* SceneDelegate.swift */,
			);
			path = Application;
			sourceTree = "<group>";
		};
		CE95464D2D665400001E5A8F /* Cell */ = {
			isa = PBXGroup;
			children = (
				CE95464F2D6654A1001E5A8F /* CalendarCollectionViewCell.swift */,
				1124F35E2DB95D3600E4E1DB /* CollectionImageWorkoutCell.swift */,
				113CB5552D9EF7720099F4AE /* WorkoutTableViewCell.swift */,
			);
			path = Cell;
			sourceTree = "<group>";
		};
		CE95464E2D665416001E5A8F /* MainVC */ = {
			isa = PBXGroup;
			children = (
				CE95464D2D665400001E5A8F /* Cell */,
				CE2C3B2E2D5FC27800A4BA16 /* Views */,
			);
			path = MainVC;
			sourceTree = "<group>";
		};
		CEF400022D401A7B009B6005 /* Products */ = {
			isa = PBXGroup;
			children = (
				CEF400012D401A7B009B6005 /* BodyTracker.app */,
			);
			name = Products;
			sourceTree = "<group>";
		};
		CEF400032D401A7B009B6005 /* BodyTracker */ = {
			isa = PBXGroup;
			children = (
				1124F3602DB9610400E4E1DB /* Model */,
				CE8F549B2D4815EE008C5B6E /* Application */,
				CE49BB662D6F986D005BFBEB /* Views */,
				CE8F549A2D4815E2008C5B6E /* Controllers */,
				115D62F32DA838C30064DFED /* Network */,
				CE89218C2D63AA0000BA1D10 /* Extension */,
				CE8F54982D4815B7008C5B6E /* Helpers */,
				CE8F54992D4815D7008C5B6E /* Resources */,
				CEF400122D401A7D009B6005 /* Info.plist */,
			);
			path = BodyTracker;
			sourceTree = "<group>";
		};
		CEF4FFF82D401A7B009B6005 = {
			isa = PBXGroup;
			children = (
				CEF400032D401A7B009B6005 /* BodyTracker */,
				CEF400022D401A7B009B6005 /* Products */,
			);
			sourceTree = "<group>";
		};
/* End PBXGroup section */

/* Begin PBXNativeTarget section */
		CEF400002D401A7B009B6005 /* BodyTracker */ = {
			isa = PBXNativeTarget;
			buildConfigurationList = CEF400152D401A7D009B6005 /* Build configuration list for PBXNativeTarget "BodyTracker" */;
			buildPhases = (
				CEF4FFFD2D401A7B009B6005 /* Sources */,
				CEF4FFFE2D401A7B009B6005 /* Frameworks */,
				CEF4FFFF2D401A7B009B6005 /* Resources */,
			);
			buildRules = (
			);
			dependencies = (
			);
			name = BodyTracker;
			productName = BodyTracker;
			productReference = CEF400012D401A7B009B6005 /* BodyTracker.app */;
			productType = "com.apple.product-type.application";
		};
/* End PBXNativeTarget section */

/* Begin PBXProject section */
		CEF4FFF92D401A7B009B6005 /* Project object */ = {
			isa = PBXProject;
			attributes = {
				BuildIndependentTargetsInParallel = 1;
				LastSwiftUpdateCheck = 1420;
				LastUpgradeCheck = 1420;
				TargetAttributes = {
					CEF400002D401A7B009B6005 = {
						CreatedOnToolsVersion = 14.2;
					};
				};
			};
			buildConfigurationList = CEF4FFFC2D401A7B009B6005 /* Build configuration list for PBXProject "BodyTracker" */;
			compatibilityVersion = "Xcode 14.0";
			developmentRegion = en;
			hasScannedForEncodings = 0;
			knownRegions = (
				en,
				Base,
			);
			mainGroup = CEF4FFF82D401A7B009B6005;
			productRefGroup = CEF400022D401A7B009B6005 /* Products */;
			projectDirPath = "";
			projectRoot = "";
			targets = (
				CEF400002D401A7B009B6005 /* BodyTracker */,
			);
		};
/* End PBXProject section */

/* Begin PBXResourcesBuildPhase section */
		CEF4FFFF2D401A7B009B6005 /* Resources */ = {
			isa = PBXResourcesBuildPhase;
			buildActionMask = 2147483647;
			files = (
				CEF400112D401A7D009B6005 /* LaunchScreen.storyboard in Resources */,
				CEF4000E2D401A7D009B6005 /* Assets.xcassets in Resources */,
				CE8F54942D48115C008C5B6E /* Roboto-VariableFont_wdth,wght.ttf in Resources */,
			);
			runOnlyForDeploymentPostprocessing = 0;
		};
/* End PBXResourcesBuildPhase section */

/* Begin PBXSourcesBuildPhase section */
		CEF4FFFD2D401A7B009B6005 /* Sources */ = {
			isa = PBXSourcesBuildPhase;
			buildActionMask = 2147483647;
			files = (
				CE9546502D6654A1001E5A8F /* CalendarCollectionViewCell.swift in Sources */,
				CE47962D2D5159CA00B11AFB /* ProfilViewController.swift in Sources */,
				CE8F54972D481591008C5B6E /* UIFont + Extension.swift in Sources */,
				113CB5562D9EF7720099F4AE /* WorkoutTableViewCell.swift in Sources */,
				1124F3622DB9613900E4E1DB /* CollectionImageWorkoutModel.swift in Sources */,
				1124F35F2DB95D3600E4E1DB /* CollectionImageWorkoutCell.swift in Sources */,
				CE47962B2D51598100B11AFB /* StatisticViewController.swift in Sources */,
				CEF400092D401A7B009B6005 /* MainViewController.swift in Sources */,
				CE89218E2D63AB9200BA1D10 /* UIView + Extension.swift in Sources */,
				115D63002DA83A020064DFED /* WeatherModel.swift in Sources */,
				115D63012DA83A020064DFED /* WeatherImage.swift in Sources */,
				115D63022DA83A020064DFED /* WeatherNetwork.swift in Sources */,
				115D63032DA83A020064DFED /* Api.swift in Sources */,
				CE4796292D5155BF00B11AFB /* MainTabBarController.swift in Sources */,
				CE49BB6C2D6FA0FB005BFBEB /* UILabel + Extension.swift in Sources */,
				CE2C3B322D5FC3EA00A4BA16 /* WeatherView.swift in Sources */,
				CE1D8F2C2D7B718A00CFECD9 /* UIStackView + Extension.swift in Sources */,
				118161C42DB6CCD40050A722 /* CollectionImageWorkoutViewController.swift in Sources */,
				CE2C3B302D5FC30500A4BA16 /* CalendarView.swift in Sources */,
				CEF400052D401A7B009B6005 /* AppDelegate.swift in Sources */,
				CEF400072D401A7B009B6005 /* SceneDelegate.swift in Sources */,
				CE8F549D2D481718008C5B6E /* UIColor + Extension.swift in Sources */,
				CE49BB6A2D6F9F7F005BFBEB /* NewWorkoutViewController.swift in Sources */,
				CE95464C2D66449F001E5A8F /* Constants.swift in Sources */,
				CE9546522D665EB9001E5A8F /* Date + Extension.swift in Sources */,
				CE3F6DBB2D74E4DF00ED4033 /* DateAndRepeatView.swift in Sources */,
				CE971B772D761D7A003C38D9 /* RepsOrTimerView.swift in Sources */,
			);
			runOnlyForDeploymentPostprocessing = 0;
		};
/* End PBXSourcesBuildPhase section */

/* Begin PBXVariantGroup section */
		CEF4000F2D401A7D009B6005 /* LaunchScreen.storyboard */ = {
			isa = PBXVariantGroup;
			children = (
				CEF400102D401A7D009B6005 /* Base */,
			);
			name = LaunchScreen.storyboard;
			sourceTree = "<group>";
		};
/* End PBXVariantGroup section */

/* Begin XCBuildConfiguration section */
		CEF400132D401A7D009B6005 /* Debug */ = {
			isa = XCBuildConfiguration;
			buildSettings = {
				ALWAYS_SEARCH_USER_PATHS = NO;
				CLANG_ANALYZER_NONNULL = YES;
				CLANG_ANALYZER_NUMBER_OBJECT_CONVERSION = YES_AGGRESSIVE;
				CLANG_CXX_LANGUAGE_STANDARD = "gnu++20";
				CLANG_ENABLE_MODULES = YES;
				CLANG_ENABLE_OBJC_ARC = YES;
				CLANG_ENABLE_OBJC_WEAK = YES;
				CLANG_WARN_BLOCK_CAPTURE_AUTORELEASING = YES;
				CLANG_WARN_BOOL_CONVERSION = YES;
				CLANG_WARN_COMMA = YES;
				CLANG_WARN_CONSTANT_CONVERSION = YES;
				CLANG_WARN_DEPRECATED_OBJC_IMPLEMENTATIONS = YES;
				CLANG_WARN_DIRECT_OBJC_ISA_USAGE = YES_ERROR;
				CLANG_WARN_DOCUMENTATION_COMMENTS = YES;
				CLANG_WARN_EMPTY_BODY = YES;
				CLANG_WARN_ENUM_CONVERSION = YES;
				CLANG_WARN_INFINITE_RECURSION = YES;
				CLANG_WARN_INT_CONVERSION = YES;
				CLANG_WARN_NON_LITERAL_NULL_CONVERSION = YES;
				CLANG_WARN_OBJC_IMPLICIT_RETAIN_SELF = YES;
				CLANG_WARN_OBJC_LITERAL_CONVERSION = YES;
				CLANG_WARN_OBJC_ROOT_CLASS = YES_ERROR;
				CLANG_WARN_QUOTED_INCLUDE_IN_FRAMEWORK_HEADER = YES;
				CLANG_WARN_RANGE_LOOP_ANALYSIS = YES;
				CLANG_WARN_STRICT_PROTOTYPES = YES;
				CLANG_WARN_SUSPICIOUS_MOVE = YES;
				CLANG_WARN_UNGUARDED_AVAILABILITY = YES_AGGRESSIVE;
				CLANG_WARN_UNREACHABLE_CODE = YES;
				CLANG_WARN__DUPLICATE_METHOD_MATCH = YES;
				COPY_PHASE_STRIP = NO;
				DEBUG_INFORMATION_FORMAT = dwarf;
				ENABLE_STRICT_OBJC_MSGSEND = YES;
				ENABLE_TESTABILITY = YES;
				GCC_C_LANGUAGE_STANDARD = gnu11;
				GCC_DYNAMIC_NO_PIC = NO;
				GCC_NO_COMMON_BLOCKS = YES;
				GCC_OPTIMIZATION_LEVEL = 0;
				GCC_PREPROCESSOR_DEFINITIONS = (
					"DEBUG=1",
					"$(inherited)",
				);
				GCC_WARN_64_TO_32_BIT_CONVERSION = YES;
				GCC_WARN_ABOUT_RETURN_TYPE = YES_ERROR;
				GCC_WARN_UNDECLARED_SELECTOR = YES;
				GCC_WARN_UNINITIALIZED_AUTOS = YES_AGGRESSIVE;
				GCC_WARN_UNUSED_FUNCTION = YES;
				GCC_WARN_UNUSED_VARIABLE = YES;
				IPHONEOS_DEPLOYMENT_TARGET = 16.2;
				MTL_ENABLE_DEBUG_INFO = INCLUDE_SOURCE;
				MTL_FAST_MATH = YES;
				ONLY_ACTIVE_ARCH = YES;
				SDKROOT = iphoneos;
				SWIFT_ACTIVE_COMPILATION_CONDITIONS = DEBUG;
				SWIFT_OPTIMIZATION_LEVEL = "-Onone";
			};
			name = Debug;
		};
		CEF400142D401A7D009B6005 /* Release */ = {
			isa = XCBuildConfiguration;
			buildSettings = {
				ALWAYS_SEARCH_USER_PATHS = NO;
				CLANG_ANALYZER_NONNULL = YES;
				CLANG_ANALYZER_NUMBER_OBJECT_CONVERSION = YES_AGGRESSIVE;
				CLANG_CXX_LANGUAGE_STANDARD = "gnu++20";
				CLANG_ENABLE_MODULES = YES;
				CLANG_ENABLE_OBJC_ARC = YES;
				CLANG_ENABLE_OBJC_WEAK = YES;
				CLANG_WARN_BLOCK_CAPTURE_AUTORELEASING = YES;
				CLANG_WARN_BOOL_CONVERSION = YES;
				CLANG_WARN_COMMA = YES;
				CLANG_WARN_CONSTANT_CONVERSION = YES;
				CLANG_WARN_DEPRECATED_OBJC_IMPLEMENTATIONS = YES;
				CLANG_WARN_DIRECT_OBJC_ISA_USAGE = YES_ERROR;
				CLANG_WARN_DOCUMENTATION_COMMENTS = YES;
				CLANG_WARN_EMPTY_BODY = YES;
				CLANG_WARN_ENUM_CONVERSION = YES;
				CLANG_WARN_INFINITE_RECURSION = YES;
				CLANG_WARN_INT_CONVERSION = YES;
				CLANG_WARN_NON_LITERAL_NULL_CONVERSION = YES;
				CLANG_WARN_OBJC_IMPLICIT_RETAIN_SELF = YES;
				CLANG_WARN_OBJC_LITERAL_CONVERSION = YES;
				CLANG_WARN_OBJC_ROOT_CLASS = YES_ERROR;
				CLANG_WARN_QUOTED_INCLUDE_IN_FRAMEWORK_HEADER = YES;
				CLANG_WARN_RANGE_LOOP_ANALYSIS = YES;
				CLANG_WARN_STRICT_PROTOTYPES = YES;
				CLANG_WARN_SUSPICIOUS_MOVE = YES;
				CLANG_WARN_UNGUARDED_AVAILABILITY = YES_AGGRESSIVE;
				CLANG_WARN_UNREACHABLE_CODE = YES;
				CLANG_WARN__DUPLICATE_METHOD_MATCH = YES;
				COPY_PHASE_STRIP = NO;
				DEBUG_INFORMATION_FORMAT = "dwarf-with-dsym";
				ENABLE_NS_ASSERTIONS = NO;
				ENABLE_STRICT_OBJC_MSGSEND = YES;
				GCC_C_LANGUAGE_STANDARD = gnu11;
				GCC_NO_COMMON_BLOCKS = YES;
				GCC_WARN_64_TO_32_BIT_CONVERSION = YES;
				GCC_WARN_ABOUT_RETURN_TYPE = YES_ERROR;
				GCC_WARN_UNDECLARED_SELECTOR = YES;
				GCC_WARN_UNINITIALIZED_AUTOS = YES_AGGRESSIVE;
				GCC_WARN_UNUSED_FUNCTION = YES;
				GCC_WARN_UNUSED_VARIABLE = YES;
				IPHONEOS_DEPLOYMENT_TARGET = 16.2;
				MTL_ENABLE_DEBUG_INFO = NO;
				MTL_FAST_MATH = YES;
				SDKROOT = iphoneos;
				SWIFT_COMPILATION_MODE = wholemodule;
				SWIFT_OPTIMIZATION_LEVEL = "-O";
				VALIDATE_PRODUCT = YES;
			};
			name = Release;
		};
		CEF400162D401A7D009B6005 /* Debug */ = {
			isa = XCBuildConfiguration;
			buildSettings = {
				ASSETCATALOG_COMPILER_APPICON_NAME = AppIcon;
				ASSETCATALOG_COMPILER_GLOBAL_ACCENT_COLOR_NAME = AccentColor;
				CODE_SIGN_STYLE = Automatic;
				CURRENT_PROJECT_VERSION = 1;
				DEVELOPMENT_TEAM = 3B4857HXNH;
				GENERATE_INFOPLIST_FILE = YES;
				INFOPLIST_FILE = BodyTracker/Info.plist;
				INFOPLIST_KEY_UIApplicationSupportsIndirectInputEvents = YES;
				INFOPLIST_KEY_UILaunchStoryboardName = LaunchScreen;
				INFOPLIST_KEY_UIMainStoryboardFile = "";
				INFOPLIST_KEY_UISupportedInterfaceOrientations_iPad = "UIInterfaceOrientationPortrait UIInterfaceOrientationPortraitUpsideDown UIInterfaceOrientationLandscapeLeft UIInterfaceOrientationLandscapeRight";
				INFOPLIST_KEY_UISupportedInterfaceOrientations_iPhone = "UIInterfaceOrientationPortrait UIInterfaceOrientationLandscapeLeft UIInterfaceOrientationLandscapeRight";
				LD_RUNPATH_SEARCH_PATHS = (
					"$(inherited)",
					"@executable_path/Frameworks",
				);
				MARKETING_VERSION = 1.0;
				PRODUCT_BUNDLE_IDENTIFIER = com.BodyTracker;
				PRODUCT_NAME = "$(TARGET_NAME)";
				SWIFT_EMIT_LOC_STRINGS = YES;
				SWIFT_VERSION = 5.0;
				TARGETED_DEVICE_FAMILY = "1,2";
			};
			name = Debug;
		};
		CEF400172D401A7D009B6005 /* Release */ = {
			isa = XCBuildConfiguration;
			buildSettings = {
				ASSETCATALOG_COMPILER_APPICON_NAME = AppIcon;
				ASSETCATALOG_COMPILER_GLOBAL_ACCENT_COLOR_NAME = AccentColor;
				CODE_SIGN_STYLE = Automatic;
				CURRENT_PROJECT_VERSION = 1;
				DEVELOPMENT_TEAM = 3B4857HXNH;
				GENERATE_INFOPLIST_FILE = YES;
				INFOPLIST_FILE = BodyTracker/Info.plist;
				INFOPLIST_KEY_UIApplicationSupportsIndirectInputEvents = YES;
				INFOPLIST_KEY_UILaunchStoryboardName = LaunchScreen;
				INFOPLIST_KEY_UIMainStoryboardFile = "";
				INFOPLIST_KEY_UISupportedInterfaceOrientations_iPad = "UIInterfaceOrientationPortrait UIInterfaceOrientationPortraitUpsideDown UIInterfaceOrientationLandscapeLeft UIInterfaceOrientationLandscapeRight";
				INFOPLIST_KEY_UISupportedInterfaceOrientations_iPhone = "UIInterfaceOrientationPortrait UIInterfaceOrientationLandscapeLeft UIInterfaceOrientationLandscapeRight";
				LD_RUNPATH_SEARCH_PATHS = (
					"$(inherited)",
					"@executable_path/Frameworks",
				);
				MARKETING_VERSION = 1.0;
				PRODUCT_BUNDLE_IDENTIFIER = com.BodyTracker;
				PRODUCT_NAME = "$(TARGET_NAME)";
				SWIFT_EMIT_LOC_STRINGS = YES;
				SWIFT_VERSION = 5.0;
				TARGETED_DEVICE_FAMILY = "1,2";
			};
			name = Release;
		};
/* End XCBuildConfiguration section */

/* Begin XCConfigurationList section */
		CEF400152D401A7D009B6005 /* Build configuration list for PBXNativeTarget "BodyTracker" */ = {
			isa = XCConfigurationList;
			buildConfigurations = (
				CEF400162D401A7D009B6005 /* Debug */,
				CEF400172D401A7D009B6005 /* Release */,
			);
			defaultConfigurationIsVisible = 0;
			defaultConfigurationName = Release;
		};
		CEF4FFFC2D401A7B009B6005 /* Build configuration list for PBXProject "BodyTracker" */ = {
			isa = XCConfigurationList;
			buildConfigurations = (
				CEF400132D401A7D009B6005 /* Debug */,
				CEF400142D401A7D009B6005 /* Release */,
			);
			defaultConfigurationIsVisible = 0;
			defaultConfigurationName = Release;
		};
/* End XCConfigurationList section */
	};
	rootObject = CEF4FFF92D401A7B009B6005 /* Project object */;
}
